Microsoft Visual Studio Solution File, Format Version 12.00
# Visual Studio 15
VisualStudioVersion = 15.0.28307.168
MinimumVisualStudioVersion = 10.0.40219.1
Project("{F184B08F-C81C-45F6-A57F-5ABD9991F28F}") = "Q143451", "Q143451\Q143451.vbproj", "{DA047248-2933-47CE-AE33-99CF84487297}"
EndProject
Global
	GlobalSection(SolutionConfigurationPlatforms) = preSolution
		Debug|Any CPU = Debug|Any CPU
		Release|Any CPU = Release|Any CPU
	EndGlobalSection
	GlobalSection(ProjectConfigurationPlatforms) = postSolution
		{DA047248-2933-47CE-AE33-99CF84487297}.Debug|Any CPU.ActiveCfg = Debug|Any CPU
		{DA047248-2933-47CE-AE33-99CF84487297}.Debug|Any CPU.Build.0 = Debug|Any CPU
		{DA047248-2933-47CE-AE33-99CF84487297}.Release|Any CPU.ActiveCfg = Release|Any CPU
		{DA047248-2933-47CE-AE33-99CF84487297}.Release|Any CPU.Build.0 = Release|Any CPU
	EndGlobalSection
	GlobalSection(SolutionProperties) = preSolution
		HideSolutionNode = FALSE
	EndGlobalSection
	GlobalSection(ExtensibilityGlobals) = postSolution
		SolutionGuid = {942A6FFC-A57A-46E1-A07E-96DEF5B78BF6}
	EndGlobalSection
EndGlobal
